
Microsoft Visual Studio Solution File, Format Version 12.00
# Visual Studio 2013
VisualStudioVersion = 12.0.31101.0
MinimumVisualStudioVersion = 10.0.40219.1
Project("{FAE04EC0-301F-11D3-BF4B-00C04F79EFBC}") = "UserHelper", "UserHelper\UserHelper.csproj", "{B5232002-71B7-430B-B8F1-D80EF2A460C4}"
EndProject
Project("{FAE04EC0-301F-11D3-BF4B-00C04F79EFBC}") = "WebInterface", "WebInterface\WebInterface.csproj", "{75118530-6C6C-4D70-8D3A-CB3147F54280}"
EndProject
Project("{FAE04EC0-301F-11D3-BF4B-00C04F79EFBC}") = "UserHelperCL", "UserHelperCL\UserHelperCL.csproj", "{9C452BDB-995A-4B75-9CEC-1607C3994102}"
EndProject
Global
	GlobalSection(SolutionConfigurationPlatforms) = preSolution
		Debug|Any CPU = Debug|Any CPU
		Release|Any CPU = Release|Any CPU
	EndGlobalSection
	GlobalSection(ProjectConfigurationPlatforms) = postSolution
		{B5232002-71B7-430B-B8F1-D80EF2A460C4}.Debug|Any CPU.ActiveCfg = Debug|Any CPU
		{B5232002-71B7-430B-B8F1-D80EF2A460C4}.Debug|Any CPU.Build.0 = Debug|Any CPU
		{B5232002-71B7-430B-B8F1-D80EF2A460C4}.Release|Any CPU.ActiveCfg = Release|Any CPU
		{B5232002-71B7-430B-B8F1-D80EF2A460C4}.Release|Any CPU.Build.0 = Release|Any CPU
		{75118530-6C6C-4D70-8D3A-CB3147F54280}.Debug|Any CPU.ActiveCfg = Debug|Any CPU
		{75118530-6C6C-4D70-8D3A-CB3147F54280}.Debug|Any CPU.Build.0 = Debug|Any CPU
		{75118530-6C6C-4D70-8D3A-CB3147F54280}.Release|Any CPU.ActiveCfg = Release|Any CPU
		{75118530-6C6C-4D70-8D3A-CB3147F54280}.Release|Any CPU.Build.0 = Release|Any CPU
		{9C452BDB-995A-4B75-9CEC-1607C3994102}.Debug|Any CPU.ActiveCfg = Debug|Any CPU
		{9C452BDB-995A-4B75-9CEC-1607C3994102}.Debug|Any CPU.Build.0 = Debug|Any CPU
		{9C452BDB-995A-4B75-9CEC-1607C3994102}.Release|Any CPU.ActiveCfg = Release|Any CPU
		{9C452BDB-995A-4B75-9CEC-1607C3994102}.Release|Any CPU.Build.0 = Release|Any CPU
	EndGlobalSection
	GlobalSection(SolutionProperties) = preSolution
		HideSolutionNode = FALSE
	EndGlobalSection
EndGlobal
